
Microsoft Visual Studio Solution File, Format Version 12.00
# Visual Studio Version 16
VisualStudioVersion = 16.0.30717.126
MinimumVisualStudioVersion = 10.0.40219.1
Project("{2150E333-8FDC-42A3-9474-1A3956D46DE8}") = "src", "src", "{76F9588B-41AB-44CD-B2D8-7E46D4FBDB16}"
EndProject
Project("{9A19103F-16F7-4668-BE54-9A1E7A4F7556}") = "RunTasksInParallel", "src\RunTasksInParallel\RunTasksInParallel.csproj", "{891EEB69-FC83-4FC3-9001-9296BDA00B72}"
EndProject
Project("{FAE04EC0-301F-11D3-BF4B-00C04F79EFBC}") = "HostedService.Ca", "src\HostedService.Ca\HostedService.Ca.csproj", "{377D84A8-6C54-4ADD-A123-7BD19E17B06F}"
EndProject
Global
	GlobalSection(SolutionConfigurationPlatforms) = preSolution
		Debug|Any CPU = Debug|Any CPU
		Release|Any CPU = Release|Any CPU
	EndGlobalSection
	GlobalSection(ProjectConfigurationPlatforms) = postSolution
		{891EEB69-FC83-4FC3-9001-9296BDA00B72}.Debug|Any CPU.ActiveCfg = Debug|Any CPU
		{891EEB69-FC83-4FC3-9001-9296BDA00B72}.Debug|Any CPU.Build.0 = Debug|Any CPU
		{891EEB69-FC83-4FC3-9001-9296BDA00B72}.Release|Any CPU.ActiveCfg = Release|Any CPU
		{891EEB69-FC83-4FC3-9001-9296BDA00B72}.Release|Any CPU.Build.0 = Release|Any CPU
		{377D84A8-6C54-4ADD-A123-7BD19E17B06F}.Debug|Any CPU.ActiveCfg = Debug|Any CPU
		{377D84A8-6C54-4ADD-A123-7BD19E17B06F}.Debug|Any CPU.Build.0 = Debug|Any CPU
		{377D84A8-6C54-4ADD-A123-7BD19E17B06F}.Release|Any CPU.ActiveCfg = Release|Any CPU
		{377D84A8-6C54-4ADD-A123-7BD19E17B06F}.Release|Any CPU.Build.0 = Release|Any CPU
	EndGlobalSection
	GlobalSection(SolutionProperties) = preSolution
		HideSolutionNode = FALSE
	EndGlobalSection
	GlobalSection(NestedProjects) = preSolution
		{891EEB69-FC83-4FC3-9001-9296BDA00B72} = {76F9588B-41AB-44CD-B2D8-7E46D4FBDB16}
		{377D84A8-6C54-4ADD-A123-7BD19E17B06F} = {76F9588B-41AB-44CD-B2D8-7E46D4FBDB16}
	EndGlobalSection
	GlobalSection(ExtensibilityGlobals) = postSolution
		SolutionGuid = {B5031170-7309-4231-BC79-A89DBB5884AB}
	EndGlobalSection
EndGlobal
